
Microsoft Visual Studio Solution File, Format Version 12.00
# Visual Studio Version 16
VisualStudioVersion = 16.0.29709.97
MinimumVisualStudioVersion = 10.0.40219.1
Project("{FAE04EC0-301F-11D3-BF4B-00C04F79EFBC}") = "Scores", "Scores\Scores.csproj", "{27D77D1B-1AD1-48E0-9A49-B283F88034A3}"
EndProject
Global
	GlobalSection(SolutionConfigurationPlatforms) = preSolution
		Debug|Any CPU = Debug|Any CPU
		Release|Any CPU = Release|Any CPU
	EndGlobalSection
	GlobalSection(ProjectConfigurationPlatforms) = postSolution
		{27D77D1B-1AD1-48E0-9A49-B283F88034A3}.Debug|Any CPU.ActiveCfg = Debug|Any CPU
		{27D77D1B-1AD1-48E0-9A49-B283F88034A3}.Debug|Any CPU.Build.0 = Debug|Any CPU
		{27D77D1B-1AD1-48E0-9A49-B283F88034A3}.Release|Any CPU.ActiveCfg = Release|Any CPU
		{27D77D1B-1AD1-48E0-9A49-B283F88034A3}.Release|Any CPU.Build.0 = Release|Any CPU
	EndGlobalSection
	GlobalSection(SolutionProperties) = preSolution
		HideSolutionNode = FALSE
	EndGlobalSection
	GlobalSection(ExtensibilityGlobals) = postSolution
		SolutionGuid = {157FB392-91B3-4E2E-912C-421883229AFD}
	EndGlobalSection
EndGlobal
